
Microsoft Visual Studio Solution File, Format Version 12.00
# Visual Studio Version 17
VisualStudioVersion = 17.14.36414.22 d17.14
MinimumVisualStudioVersion = 10.0.40219.1
Project("{8BC9CEB8-8B4A-11D0-8D11-00A0C91BC942}") = "flappy_bird_refactored", "flappy_bird_refactored\flappy_bird_refactored.vcxproj", "{7D52F211-3563-4C63-87F9-9CA968AA306F}"
EndProject
Global
	GlobalSection(SolutionConfigurationPlatforms) = preSolution
		Debug|x64 = Debug|x64
		Debug|x86 = Debug|x86
		Release|x64 = Release|x64
		Release|x86 = Release|x86
	EndGlobalSection
	GlobalSection(ProjectConfigurationPlatforms) = postSolution
		{7D52F211-3563-4C63-87F9-9CA968AA306F}.Debug|x64.ActiveCfg = Debug|x64
		{7D52F211-3563-4C63-87F9-9CA968AA306F}.Debug|x64.Build.0 = Debug|x64
		{7D52F211-3563-4C63-87F9-9CA968AA306F}.Debug|x86.ActiveCfg = Debug|Win32
		{7D52F211-3563-4C63-87F9-9CA968AA306F}.Debug|x86.Build.0 = Debug|Win32
		{7D52F211-3563-4C63-87F9-9CA968AA306F}.Release|x64.ActiveCfg = Release|x64
		{7D52F211-3563-4C63-87F9-9CA968AA306F}.Release|x64.Build.0 = Release|x64
		{7D52F211-3563-4C63-87F9-9CA968AA306F}.Release|x86.ActiveCfg = Release|Win32
		{7D52F211-3563-4C63-87F9-9CA968AA306F}.Release|x86.Build.0 = Release|Win32
	EndGlobalSection
	GlobalSection(SolutionProperties) = preSolution
		HideSolutionNode = FALSE
	EndGlobalSection
	GlobalSection(ExtensibilityGlobals) = postSolution
		SolutionGuid = {CF2B21A7-4145-4594-8183-697693D54520}
	EndGlobalSection
EndGlobal
